
Microsoft Visual Studio Solution File, Format Version 12.00
# Visual Studio Version 17
VisualStudioVersion = 17.13.35825.156
MinimumVisualStudioVersion = 10.0.40219.1
Project("{2150E333-8FDC-42A3-9474-1A3956D46DE8}") = "Chapter01", "Chapter01", "{DDB4EF12-CC4E-5E88-E6FC-71A802F4DE97}"
EndProject
Project("{FAE04EC0-301F-11D3-BF4B-00C04F79EFBC}") = "ProductSample", "Chapter01\ProductSample\ProductSample.csproj", "{EF69BBF8-5BC4-4F61-8E2E-FD08A0D4B0AE}"
EndProject
Project("{2150E333-8FDC-42A3-9474-1A3956D46DE8}") = "Chapter02", "Chapter02", "{D16A36F3-3C6A-4E2B-BD2B-FBCFC4ECFE74}"
EndProject
Project("{FAE04EC0-301F-11D3-BF4B-00C04F79EFBC}") = "DistanceConverter", "Chapter02\DistanceConverter\DistanceConverter.csproj", "{DDCC280B-3C1E-4E74-93E5-2EA7AA281268}"
EndProject
Project("{2150E333-8FDC-42A3-9474-1A3956D46DE8}") = "演習問題", "演習問題", "{F8977349-C9C9-4D77-B73E-8435ACF29673}"
EndProject
Project("{FAE04EC0-301F-11D3-BF4B-00C04F79EFBC}") = "Exercise02", "Chapter02\演習問題\Exercise02\Exercise02.csproj", "{8D5ADE7E-F843-4A4A-8B15-20691D782291}"
EndProject
Project("{2150E333-8FDC-42A3-9474-1A3956D46DE8}") = "距離換算プログラム", "距離換算プログラム", "{887E4388-DE77-4898-B4F7-6AA1FC815905}"
EndProject
Project("{2150E333-8FDC-42A3-9474-1A3956D46DE8}") = "FormApps", "FormApps", "{ED1450FA-1910-458D-8AC4-856A1422C920}"
EndProject
Project("{FAE04EC0-301F-11D3-BF4B-00C04F79EFBC}") = "UnitConverter", "FormApps\UnitConverter\UnitConverter.csproj", "{EBB3AD2B-32DF-44C1-8FDB-5ED0A3CBBD21}"
EndProject
Project("{FAE04EC0-301F-11D3-BF4B-00C04F79EFBC}") = "StopWatch", "FormApps\StopWatch\StopWatch.csproj", "{1EC5F564-D513-4DF0-9097-6A090B979B36}"
EndProject
Project("{2150E333-8FDC-42A3-9474-1A3956D46DE8}") = "売上集計プログラム", "売上集計プログラム", "{FF406A9A-145E-426C-884F-226FCBB60DAC}"
EndProject
Project("{FAE04EC0-301F-11D3-BF4B-00C04F79EFBC}") = "SalesCalculator", "Chapter02\SalesCalculator\SalesCalculator.csproj", "{62567532-403A-4ADC-9CEA-009DC392CDE4}"
EndProject
Project("{FAE04EC0-301F-11D3-BF4B-00C04F79EFBC}") = "Exercise01", "Chapter02\演習問題\Exercise01\Exercise01.csproj", "{46E6B715-CEF5-478F-86ED-C17851204597}"
EndProject
Project("{2150E333-8FDC-42A3-9474-1A3956D46DE8}") = "Chapter03", "Chapter03", "{FE94896C-BD1D-4F0C-9C67-78D84148F794}"
EndProject
Project("{FAE04EC0-301F-11D3-BF4B-00C04F79EFBC}") = "Section01", "Chapter03\Section01\Section01.csproj", "{ACAA5AD5-4C59-4708-8775-E662523F4A7E}"
EndProject
Project("{2150E333-8FDC-42A3-9474-1A3956D46DE8}") = "演習問題", "演習問題", "{02ABF870-7031-47D9-BE16-ACD3709F3CE0}"
EndProject
Project("{FAE04EC0-301F-11D3-BF4B-00C04F79EFBC}") = "Exercise02", "Chapter03\演習問題\Exercise02\Exercise02.csproj", "{7A28C622-1494-43D2-A8DF-93D9C03EA29A}"
EndProject
Project("{FAE04EC0-301F-11D3-BF4B-00C04F79EFBC}") = "Section04", "Chapter03\Section04\Section04.csproj", "{B5AD4BA0-F5BD-4930-BF75-F2C7E97B4424}"
EndProject
Project("{FAE04EC0-301F-11D3-BF4B-00C04F79EFBC}") = "Exercise01", "Chapter03\演習問題\Exercise01\Exercise01.csproj", "{73549807-8777-45C1-81B5-4BD7D404E3FC}"
EndProject
Project("{2150E333-8FDC-42A3-9474-1A3956D46DE8}") = "Chapter04", "Chapter04", "{11E0226B-BE5D-4313-A687-22D3F2C20C3B}"
EndProject
Project("{FAE04EC0-301F-11D3-BF4B-00C04F79EFBC}") = "Section04", "Chapter04\Section04\Section04.csproj", "{47F6B76B-455A-49BF-AFB8-36E80BC3D68D}"
EndProject
Project("{2150E333-8FDC-42A3-9474-1A3956D46DE8}") = "練習問題", "練習問題", "{5809D545-E628-4CC9-8DB4-FF774A920709}"
EndProject
Project("{FAE04EC0-301F-11D3-BF4B-00C04F79EFBC}") = "Exercise01", "Chapter04\演習問題\Exercise01\Exercise01.csproj", "{C4625032-00CE-4365-850F-2D426DBE7070}"
EndProject
Project("{2150E333-8FDC-42A3-9474-1A3956D46DE8}") = "LINQ", "LINQ", "{603F2132-6242-42F7-8A5A-AD7299225259}"
EndProject
Project("{FAE04EC0-301F-11D3-BF4B-00C04F79EFBC}") = "LinqSample", "LINQ\LinqSample\LinqSample.csproj", "{FBCC8453-51CA-4245-9F85-271BFC01530C}"
EndProject
Project("{FAE04EC0-301F-11D3-BF4B-00C04F79EFBC}") = "Exercise02", "Chapter04\演習問題\Exercise02\Exercise02.csproj", "{C1D63E63-E64B-FCB7-4276-5EBCB0FEC291}"
EndProject
Project("{2150E333-8FDC-42A3-9474-1A3956D46DE8}") = "Chapter07", "Chapter07", "{4F3BF6AC-46D7-4287-82F2-932101B988B1}"
EndProject
Project("{2150E333-8FDC-42A3-9474-1A3956D46DE8}") = "演習問題", "演習問題", "{05191F29-F555-420C-B2F0-147A5C11A21F}"
EndProject
Project("{FAE04EC0-301F-11D3-BF4B-00C04F79EFBC}") = "Exercise01", "chapter07\演習問題\Exercise01\Exercise01.csproj", "{D5ED874C-BF7E-4651-99E4-15CD25F71692}"
EndProject
Project("{FAE04EC0-301F-11D3-BF4B-00C04F79EFBC}") = "Section01", "chapter07\Section01\Section01.csproj", "{60DCDD27-7457-4CC3-BF74-C50DEA611C16}"
EndProject
Project("{FAE04EC0-301F-11D3-BF4B-00C04F79EFBC}") = "Section05", "chapter07\Section05\Section05.csproj", "{968C0D0E-4AAA-4955-9E7D-3536C8B031B6}"
EndProject
Project("{FAE04EC0-301F-11D3-BF4B-00C04F79EFBC}") = "Exercise02", "chapter07\演習問題\Exercise02\Exercise02.csproj", "{1B38C223-200A-42BC-8840-971C0BFEC382}"
EndProject
Project("{2150E333-8FDC-42A3-9474-1A3956D46DE8}") = "Chapter06", "Chapter06", "{D85023FE-EF17-466F-9EE3-3A0E604A58ED}"
EndProject
Project("{FAE04EC0-301F-11D3-BF4B-00C04F79EFBC}") = "Section01", "Chapter06\Section01\Section01.csproj", "{04D7DA01-E4FF-4ADD-9581-F019AF9CDED4}"
EndProject
Project("{2150E333-8FDC-42A3-9474-1A3956D46DE8}") = "演習問題", "演習問題", "{13D64C79-2DB9-460A-9140-25F495FA581A}"
EndProject
Project("{FAE04EC0-301F-11D3-BF4B-00C04F79EFBC}") = "Exercise01", "Chapter06\演習問題\Exercise01\Exercise01.csproj", "{C8A8DD73-86FF-4AF5-95C1-498D5E17DD52}"
EndProject
Project("{FAE04EC0-301F-11D3-BF4B-00C04F79EFBC}") = "Exercise03", "Chapter06\演習問題\Exercise03\Exercise03.csproj", "{40E647F7-B48D-4DF7-A9D0-F02B63CBD9A7}"
EndProject
Project("{FAE04EC0-301F-11D3-BF4B-00C04F79EFBC}") = "Exercise02", "Chapter06\演習問題\Exercise02\Exercise02.csproj", "{9605B4B8-0A34-BDE4-CFD2-F49073E3B9EF}"
EndProject
Project("{FAE04EC0-301F-11D3-BF4B-00C04F79EFBC}") = "Exercise04", "Chapter06\演習問題\Exercise04\Exercise04.csproj", "{8758FBDB-9295-0DA5-31B6-DA01667F06FB}"
EndProject
Project("{FAE04EC0-301F-11D3-BF4B-00C04F79EFBC}") = "Section03", "Chapter06\Section03\Section03.csproj", "{B5DA75CC-3550-49BC-B4CB-9CE7110F53A9}"
EndProject
Project("{2150E333-8FDC-42A3-9474-1A3956D46DE8}") = "Chapter05", "Chapter05", "{F29C2C5E-2F79-4924-B4FE-ABC38CF50D2A}"
EndProject
Project("{2150E333-8FDC-42A3-9474-1A3956D46DE8}") = "演習問題", "演習問題", "{CDDC71A7-25E7-45C4-9085-7FE24B02030A}"
EndProject
Project("{FAE04EC0-301F-11D3-BF4B-00C04F79EFBC}") = "Section01", "Chapter05\Section01\Section01.csproj", "{5AFA311C-C3F1-4854-AC95-C4A21A753D1D}"
EndProject
Project("{FAE04EC0-301F-11D3-BF4B-00C04F79EFBC}") = "Section05", "Chapter05\Section05\Section05.csproj", "{F8EF3456-ECC8-4C34-B216-B834B23D04F0}"
EndProject
Project("{FAE04EC0-301F-11D3-BF4B-00C04F79EFBC}") = "Exercise01", "Chapter05\練習問題\Exercise01\Exercise01.csproj", "{E5BA76F7-4441-4499-985F-00AE09F47B58}"
EndProject
Project("{FAE04EC0-301F-11D3-BF4B-00C04F79EFBC}") = "Exercise02", "Chapter05\練習問題\Exercise02\Exercise02.csproj", "{AE7B4D27-6B33-4683-BADA-C0831CDCB6BB}"
EndProject
Project("{2150E333-8FDC-42A3-9474-1A3956D46DE8}") = "Chapter08", "Chapter08", "{83DC92CA-6F47-49BC-AC8E-8547FFEC59BB}"
EndProject
Project("{2150E333-8FDC-42A3-9474-1A3956D46DE8}") = "演習問題", "演習問題", "{75778A78-6186-4E80-9568-FF7119FCA42E}"
EndProject
Project("{FAE04EC0-301F-11D3-BF4B-00C04F79EFBC}") = "Exercise01", "Chapter08\演習問題\Exercise01\Exercise01.csproj", "{4CFD9CC2-E4B0-43A0-A276-805AA0795802}"
EndProject
Project("{FAE04EC0-301F-11D3-BF4B-00C04F79EFBC}") = "PrefCapitalLocationSystem", "Chapter08\PrefCapitalLocationSystem\PrefCapitalLocationSystem.csproj", "{BA3B5C5E-D6A4-39ED-6760-036CDB62E249}"
EndProject
Project("{FAE04EC0-301F-11D3-BF4B-00C04F79EFBC}") = "Section03", "Chapter08\Section03\Section03.csproj", "{DC36564F-B53F-4947-BE27-D55E3D2E8AA9}"
EndProject
Project("{FAE04EC0-301F-11D3-BF4B-00C04F79EFBC}") = "Exercise02", "Chapter08\演習問題\Exercise02\Exercise02.csproj", "{60D26EA6-6E46-4C17-87A1-23B20E7C93EB}"
EndProject
Project("{2150E333-8FDC-42A3-9474-1A3956D46DE8}") = "Test01", "Test01", "{A94F7224-9BC9-40A9-97F7-1E1DC1576E44}"
EndProject
Project("{FAE04EC0-301F-11D3-BF4B-00C04F79EFBC}") = "Test01", "Test01\Test01\Test01.csproj", "{6EF7678A-A725-F430-3097-30F090C0100A}"
EndProject
Project("{FAE04EC0-301F-11D3-BF4B-00C04F79EFBC}") = "Test02", "Test01\Test02\Test02.csproj", "{010D0C11-D6A2-3CA6-3281-4E0FD547EC2D}"
EndProject
Project("{2150E333-8FDC-42A3-9474-1A3956D46DE8}") = "Chapter09", "Chapter09", "{A8F47AFD-B8C4-41DB-971D-DA6B50CB93DD}"
EndProject
Project("{FAE04EC0-301F-11D3-BF4B-00C04F79EFBC}") = "Section01", "Chapter09\Section01\Section01.csproj", "{EB1F94BB-88F0-4097-966D-E9AFE6BE41E5}"
EndProject
Project("{2150E333-8FDC-42A3-9474-1A3956D46DE8}") = "演習問題", "演習問題", "{72BF5643-0F17-4CEE-BDE2-C2C870AD3EB2}"
EndProject
Project("{FAE04EC0-301F-11D3-BF4B-00C04F79EFBC}") = "Exercise01", "Chapter09\演習問題\Exercise01\Exercise01.csproj", "{40460E1B-EE44-4DA7-B1F4-46085100CF42}"
EndProject
Project("{FAE04EC0-301F-11D3-BF4B-00C04F79EFBC}") = "Exercise02", "Chapter09\演習問題\Exercise02\Exercise02.csproj", "{52442FBF-AB1E-12BC-8344-0695887AC3CB}"
EndProject
Project("{FAE04EC0-301F-11D3-BF4B-00C04F79EFBC}") = "Exercise03", "Chapter09\演習問題\Exercise03\Exercise03.csproj", "{13EA441B-E72F-5CA2-D5D4-B3F52139D7CF}"
EndProject
Project("{FAE04EC0-301F-11D3-BF4B-00C04F79EFBC}") = "CarReportSystem", "FormApps\CarReportSystem\CarReportSystem.csproj", "{B107385E-2C8D-4B42-9253-38ABA249F561}"
EndProject
Project("{FAE04EC0-301F-11D3-BF4B-00C04F79EFBC}") = "TestProg", "Chapter01\TestProg\TestProg.csproj", "{B10A533E-146F-4201-8405-89A42C23B957}"
EndProject
Project("{2150E333-8FDC-42A3-9474-1A3956D46DE8}") = "Chapter12", "Chapter12", "{F10737D8-CD85-41D3-9E92-F36756A033ED}"
EndProject
Project("{2150E333-8FDC-42A3-9474-1A3956D46DE8}") = "演習問題", "演習問題", "{C7A7B3C7-F226-4ABC-A03A-375B088CDF80}"
EndProject
Project("{FAE04EC0-301F-11D3-BF4B-00C04F79EFBC}") = "Section01", "Chapter12\Section01\Section01.csproj", "{AE9575E4-2BAF-41EC-BBD5-7B662909811A}"
EndProject
Project("{FAE04EC0-301F-11D3-BF4B-00C04F79EFBC}") = "Exercise01", "Chapter12\演習問題\Exercise01\Exercise01.csproj", "{95562309-9F99-4C9B-8664-76C25CBD3680}"
EndProject
Project("{FAE04EC0-301F-11D3-BF4B-00C04F79EFBC}") = "Exercise02", "Chapter12\演習問題\Exercise02\Exercise02.csproj", "{F01C3B69-9D05-4BEF-26EB-57BAD926097B}"
EndProject
Project("{FAE04EC0-301F-11D3-BF4B-00C04F79EFBC}") = "Exercise03", "Chapter12\演習問題\Exercise03\Exercise03.csproj", "{414DFFD5-4A0F-DD91-933A-D9585859A325}"
EndProject
Project("{FAE04EC0-301F-11D3-BF4B-00C04F79EFBC}") = "RssReader", "FormApps\RssReader\RssReader.csproj", "{D9560C06-76C7-4771-B38C-183192F869C7}"
EndProject
Project("{2150E333-8FDC-42A3-9474-1A3956D46DE8}") = "Chapter11", "Chapter11", "{1279342B-DBA5-4C90-A638-6FF60A23B6E8}"
EndProject
Project("{FAE04EC0-301F-11D3-BF4B-00C04F79EFBC}") = "Section02", "Chapter11\Section02\Section02.csproj", "{629AA029-C07E-4154-B352-6589EFC1078F}"
EndProject
Project("{2150E333-8FDC-42A3-9474-1A3956D46DE8}") = "演習問題", "演習問題", "{1CD794B2-35A5-4DFC-A8E5-1284F17A083C}"
EndProject
Project("{FAE04EC0-301F-11D3-BF4B-00C04F79EFBC}") = "Exercise01", "Chapter11\演習問題\Exercise01\Exercise01.csproj", "{A7F88A91-C6F2-4903-B8BA-C3769AD03BAD}"
EndProject
Project("{FAE04EC0-301F-11D3-BF4B-00C04F79EFBC}") = "Exercise02", "Chapter11\演習問題\Exercise02\Exercise02.csproj", "{A6011F56-A60F-4F34-A469-C42E0CEFC5CC}"
EndProject
Project("{FAE04EC0-301F-11D3-BF4B-00C04F79EFBC}") = "Section03", "Chapter11\Section03\Section03.csproj", "{86DEC9C9-19F8-4EA2-BDA3-3AA6F1AFCBDC}"
EndProject
Project("{FAE04EC0-301F-11D3-BF4B-00C04F79EFBC}") = "Exercise03", "Chapter11\演習問題\Exercise03\Exercise03.csproj", "{D5E297A9-E5EF-4CF3-AC00-EF262D9C0815}"
EndProject
Project("{FAE04EC0-301F-11D3-BF4B-00C04F79EFBC}") = "Section04", "Chapter11\Section04\Section04.csproj", "{2FE348AA-5C68-466C-969B-E3B8A2F59EB8}"
EndProject
Project("{FAE04EC0-301F-11D3-BF4B-00C04F79EFBC}") = "Exercise04", "Chapter11\演習問題\Exercise04\Exercise04.csproj", "{D50059B1-2969-4A70-9C30-9A89FA3AA2EA}"
EndProject
Global
	GlobalSection(SolutionConfigurationPlatforms) = preSolution
		Debug|Any CPU = Debug|Any CPU
		Release|Any CPU = Release|Any CPU
	EndGlobalSection
	GlobalSection(ProjectConfigurationPlatforms) = postSolution
		{EF69BBF8-5BC4-4F61-8E2E-FD08A0D4B0AE}.Debug|Any CPU.ActiveCfg = Debug|Any CPU
		{EF69BBF8-5BC4-4F61-8E2E-FD08A0D4B0AE}.Debug|Any CPU.Build.0 = Debug|Any CPU
		{EF69BBF8-5BC4-4F61-8E2E-FD08A0D4B0AE}.Release|Any CPU.ActiveCfg = Release|Any CPU
		{EF69BBF8-5BC4-4F61-8E2E-FD08A0D4B0AE}.Release|Any CPU.Build.0 = Release|Any CPU
		{DDCC280B-3C1E-4E74-93E5-2EA7AA281268}.Debug|Any CPU.ActiveCfg = Debug|Any CPU
		{DDCC280B-3C1E-4E74-93E5-2EA7AA281268}.Debug|Any CPU.Build.0 = Debug|Any CPU
		{DDCC280B-3C1E-4E74-93E5-2EA7AA281268}.Release|Any CPU.ActiveCfg = Release|Any CPU
		{DDCC280B-3C1E-4E74-93E5-2EA7AA281268}.Release|Any CPU.Build.0 = Release|Any CPU
		{8D5ADE7E-F843-4A4A-8B15-20691D782291}.Debug|Any CPU.ActiveCfg = Debug|Any CPU
		{8D5ADE7E-F843-4A4A-8B15-20691D782291}.Debug|Any CPU.Build.0 = Debug|Any CPU
		{8D5ADE7E-F843-4A4A-8B15-20691D782291}.Release|Any CPU.ActiveCfg = Release|Any CPU
		{8D5ADE7E-F843-4A4A-8B15-20691D782291}.Release|Any CPU.Build.0 = Release|Any CPU
		{EBB3AD2B-32DF-44C1-8FDB-5ED0A3CBBD21}.Debug|Any CPU.ActiveCfg = Debug|Any CPU
		{EBB3AD2B-32DF-44C1-8FDB-5ED0A3CBBD21}.Debug|Any CPU.Build.0 = Debug|Any CPU
		{EBB3AD2B-32DF-44C1-8FDB-5ED0A3CBBD21}.Release|Any CPU.ActiveCfg = Release|Any CPU
		{EBB3AD2B-32DF-44C1-8FDB-5ED0A3CBBD21}.Release|Any CPU.Build.0 = Release|Any CPU
		{1EC5F564-D513-4DF0-9097-6A090B979B36}.Debug|Any CPU.ActiveCfg = Debug|Any CPU
		{1EC5F564-D513-4DF0-9097-6A090B979B36}.Debug|Any CPU.Build.0 = Debug|Any CPU
		{1EC5F564-D513-4DF0-9097-6A090B979B36}.Release|Any CPU.ActiveCfg = Release|Any CPU
		{1EC5F564-D513-4DF0-9097-6A090B979B36}.Release|Any CPU.Build.0 = Release|Any CPU
		{62567532-403A-4ADC-9CEA-009DC392CDE4}.Debug|Any CPU.ActiveCfg = Debug|Any CPU
		{62567532-403A-4ADC-9CEA-009DC392CDE4}.Debug|Any CPU.Build.0 = Debug|Any CPU
		{62567532-403A-4ADC-9CEA-009DC392CDE4}.Release|Any CPU.ActiveCfg = Release|Any CPU
		{62567532-403A-4ADC-9CEA-009DC392CDE4}.Release|Any CPU.Build.0 = Release|Any CPU
		{46E6B715-CEF5-478F-86ED-C17851204597}.Debug|Any CPU.ActiveCfg = Debug|Any CPU
		{46E6B715-CEF5-478F-86ED-C17851204597}.Debug|Any CPU.Build.0 = Debug|Any CPU
		{46E6B715-CEF5-478F-86ED-C17851204597}.Release|Any CPU.ActiveCfg = Release|Any CPU
		{46E6B715-CEF5-478F-86ED-C17851204597}.Release|Any CPU.Build.0 = Release|Any CPU
		{ACAA5AD5-4C59-4708-8775-E662523F4A7E}.Debug|Any CPU.ActiveCfg = Debug|Any CPU
		{ACAA5AD5-4C59-4708-8775-E662523F4A7E}.Debug|Any CPU.Build.0 = Debug|Any CPU
		{ACAA5AD5-4C59-4708-8775-E662523F4A7E}.Release|Any CPU.ActiveCfg = Release|Any CPU
		{ACAA5AD5-4C59-4708-8775-E662523F4A7E}.Release|Any CPU.Build.0 = Release|Any CPU
		{7A28C622-1494-43D2-A8DF-93D9C03EA29A}.Debug|Any CPU.ActiveCfg = Debug|Any CPU
		{7A28C622-1494-43D2-A8DF-93D9C03EA29A}.Debug|Any CPU.Build.0 = Debug|Any CPU
		{7A28C622-1494-43D2-A8DF-93D9C03EA29A}.Release|Any CPU.ActiveCfg = Release|Any CPU
		{7A28C622-1494-43D2-A8DF-93D9C03EA29A}.Release|Any CPU.Build.0 = Release|Any CPU
		{B5AD4BA0-F5BD-4930-BF75-F2C7E97B4424}.Debug|Any CPU.ActiveCfg = Debug|Any CPU
		{B5AD4BA0-F5BD-4930-BF75-F2C7E97B4424}.Debug|Any CPU.Build.0 = Debug|Any CPU
		{B5AD4BA0-F5BD-4930-BF75-F2C7E97B4424}.Release|Any CPU.ActiveCfg = Release|Any CPU
		{B5AD4BA0-F5BD-4930-BF75-F2C7E97B4424}.Release|Any CPU.Build.0 = Release|Any CPU
		{73549807-8777-45C1-81B5-4BD7D404E3FC}.Debug|Any CPU.ActiveCfg = Debug|Any CPU
		{73549807-8777-45C1-81B5-4BD7D404E3FC}.Debug|Any CPU.Build.0 = Debug|Any CPU
		{73549807-8777-45C1-81B5-4BD7D404E3FC}.Release|Any CPU.ActiveCfg = Release|Any CPU
		{73549807-8777-45C1-81B5-4BD7D404E3FC}.Release|Any CPU.Build.0 = Release|Any CPU
		{47F6B76B-455A-49BF-AFB8-36E80BC3D68D}.Debug|Any CPU.ActiveCfg = Debug|Any CPU
		{47F6B76B-455A-49BF-AFB8-36E80BC3D68D}.Debug|Any CPU.Build.0 = Debug|Any CPU
		{47F6B76B-455A-49BF-AFB8-36E80BC3D68D}.Release|Any CPU.ActiveCfg = Release|Any CPU
		{47F6B76B-455A-49BF-AFB8-36E80BC3D68D}.Release|Any CPU.Build.0 = Release|Any CPU
		{C4625032-00CE-4365-850F-2D426DBE7070}.Debug|Any CPU.ActiveCfg = Debug|Any CPU
		{C4625032-00CE-4365-850F-2D426DBE7070}.Debug|Any CPU.Build.0 = Debug|Any CPU
		{C4625032-00CE-4365-850F-2D426DBE7070}.Release|Any CPU.ActiveCfg = Release|Any CPU
		{C4625032-00CE-4365-850F-2D426DBE7070}.Release|Any CPU.Build.0 = Release|Any CPU
		{FBCC8453-51CA-4245-9F85-271BFC01530C}.Debug|Any CPU.ActiveCfg = Debug|Any CPU
		{FBCC8453-51CA-4245-9F85-271BFC01530C}.Debug|Any CPU.Build.0 = Debug|Any CPU
		{FBCC8453-51CA-4245-9F85-271BFC01530C}.Release|Any CPU.ActiveCfg = Release|Any CPU
		{FBCC8453-51CA-4245-9F85-271BFC01530C}.Release|Any CPU.Build.0 = Release|Any CPU
		{C1D63E63-E64B-FCB7-4276-5EBCB0FEC291}.Debug|Any CPU.ActiveCfg = Debug|Any CPU
		{C1D63E63-E64B-FCB7-4276-5EBCB0FEC291}.Debug|Any CPU.Build.0 = Debug|Any CPU
		{C1D63E63-E64B-FCB7-4276-5EBCB0FEC291}.Release|Any CPU.ActiveCfg = Release|Any CPU
		{C1D63E63-E64B-FCB7-4276-5EBCB0FEC291}.Release|Any CPU.Build.0 = Release|Any CPU
		{D5ED874C-BF7E-4651-99E4-15CD25F71692}.Debug|Any CPU.ActiveCfg = Debug|Any CPU
		{D5ED874C-BF7E-4651-99E4-15CD25F71692}.Debug|Any CPU.Build.0 = Debug|Any CPU
		{D5ED874C-BF7E-4651-99E4-15CD25F71692}.Release|Any CPU.ActiveCfg = Release|Any CPU
		{D5ED874C-BF7E-4651-99E4-15CD25F71692}.Release|Any CPU.Build.0 = Release|Any CPU
		{60DCDD27-7457-4CC3-BF74-C50DEA611C16}.Debug|Any CPU.ActiveCfg = Debug|Any CPU
		{60DCDD27-7457-4CC3-BF74-C50DEA611C16}.Debug|Any CPU.Build.0 = Debug|Any CPU
		{60DCDD27-7457-4CC3-BF74-C50DEA611C16}.Release|Any CPU.ActiveCfg = Release|Any CPU
		{60DCDD27-7457-4CC3-BF74-C50DEA611C16}.Release|Any CPU.Build.0 = Release|Any CPU
		{968C0D0E-4AAA-4955-9E7D-3536C8B031B6}.Debug|Any CPU.ActiveCfg = Debug|Any CPU
		{968C0D0E-4AAA-4955-9E7D-3536C8B031B6}.Debug|Any CPU.Build.0 = Debug|Any CPU
		{968C0D0E-4AAA-4955-9E7D-3536C8B031B6}.Release|Any CPU.ActiveCfg = Release|Any CPU
		{968C0D0E-4AAA-4955-9E7D-3536C8B031B6}.Release|Any CPU.Build.0 = Release|Any CPU
		{1B38C223-200A-42BC-8840-971C0BFEC382}.Debug|Any CPU.ActiveCfg = Debug|Any CPU
		{1B38C223-200A-42BC-8840-971C0BFEC382}.Debug|Any CPU.Build.0 = Debug|Any CPU
		{1B38C223-200A-42BC-8840-971C0BFEC382}.Release|Any CPU.ActiveCfg = Release|Any CPU
		{1B38C223-200A-42BC-8840-971C0BFEC382}.Release|Any CPU.Build.0 = Release|Any CPU
		{04D7DA01-E4FF-4ADD-9581-F019AF9CDED4}.Debug|Any CPU.ActiveCfg = Debug|Any CPU
		{04D7DA01-E4FF-4ADD-9581-F019AF9CDED4}.Debug|Any CPU.Build.0 = Debug|Any CPU
		{04D7DA01-E4FF-4ADD-9581-F019AF9CDED4}.Release|Any CPU.ActiveCfg = Release|Any CPU
		{04D7DA01-E4FF-4ADD-9581-F019AF9CDED4}.Release|Any CPU.Build.0 = Release|Any CPU
		{C8A8DD73-86FF-4AF5-95C1-498D5E17DD52}.Debug|Any CPU.ActiveCfg = Debug|Any CPU
		{C8A8DD73-86FF-4AF5-95C1-498D5E17DD52}.Debug|Any CPU.Build.0 = Debug|Any CPU
		{C8A8DD73-86FF-4AF5-95C1-498D5E17DD52}.Release|Any CPU.ActiveCfg = Release|Any CPU
		{C8A8DD73-86FF-4AF5-95C1-498D5E17DD52}.Release|Any CPU.Build.0 = Release|Any CPU
		{40E647F7-B48D-4DF7-A9D0-F02B63CBD9A7}.Debug|Any CPU.ActiveCfg = Debug|Any CPU
		{40E647F7-B48D-4DF7-A9D0-F02B63CBD9A7}.Debug|Any CPU.Build.0 = Debug|Any CPU
		{40E647F7-B48D-4DF7-A9D0-F02B63CBD9A7}.Release|Any CPU.ActiveCfg = Release|Any CPU
		{40E647F7-B48D-4DF7-A9D0-F02B63CBD9A7}.Release|Any CPU.Build.0 = Release|Any CPU
		{9605B4B8-0A34-BDE4-CFD2-F49073E3B9EF}.Debug|Any CPU.ActiveCfg = Debug|Any CPU
		{9605B4B8-0A34-BDE4-CFD2-F49073E3B9EF}.Debug|Any CPU.Build.0 = Debug|Any CPU
		{9605B4B8-0A34-BDE4-CFD2-F49073E3B9EF}.Release|Any CPU.ActiveCfg = Release|Any CPU
		{9605B4B8-0A34-BDE4-CFD2-F49073E3B9EF}.Release|Any CPU.Build.0 = Release|Any CPU
		{8758FBDB-9295-0DA5-31B6-DA01667F06FB}.Debug|Any CPU.ActiveCfg = Debug|Any CPU
		{8758FBDB-9295-0DA5-31B6-DA01667F06FB}.Debug|Any CPU.Build.0 = Debug|Any CPU
		{8758FBDB-9295-0DA5-31B6-DA01667F06FB}.Release|Any CPU.ActiveCfg = Release|Any CPU
		{8758FBDB-9295-0DA5-31B6-DA01667F06FB}.Release|Any CPU.Build.0 = Release|Any CPU
		{B5DA75CC-3550-49BC-B4CB-9CE7110F53A9}.Debug|Any CPU.ActiveCfg = Debug|Any CPU
		{B5DA75CC-3550-49BC-B4CB-9CE7110F53A9}.Debug|Any CPU.Build.0 = Debug|Any CPU
		{B5DA75CC-3550-49BC-B4CB-9CE7110F53A9}.Release|Any CPU.ActiveCfg = Release|Any CPU
		{B5DA75CC-3550-49BC-B4CB-9CE7110F53A9}.Release|Any CPU.Build.0 = Release|Any CPU
		{5AFA311C-C3F1-4854-AC95-C4A21A753D1D}.Debug|Any CPU.ActiveCfg = Debug|Any CPU
		{5AFA311C-C3F1-4854-AC95-C4A21A753D1D}.Debug|Any CPU.Build.0 = Debug|Any CPU
		{5AFA311C-C3F1-4854-AC95-C4A21A753D1D}.Release|Any CPU.ActiveCfg = Release|Any CPU
		{5AFA311C-C3F1-4854-AC95-C4A21A753D1D}.Release|Any CPU.Build.0 = Release|Any CPU
		{F8EF3456-ECC8-4C34-B216-B834B23D04F0}.Debug|Any CPU.ActiveCfg = Debug|Any CPU
		{F8EF3456-ECC8-4C34-B216-B834B23D04F0}.Debug|Any CPU.Build.0 = Debug|Any CPU
		{F8EF3456-ECC8-4C34-B216-B834B23D04F0}.Release|Any CPU.ActiveCfg = Release|Any CPU
		{F8EF3456-ECC8-4C34-B216-B834B23D04F0}.Release|Any CPU.Build.0 = Release|Any CPU
		{E5BA76F7-4441-4499-985F-00AE09F47B58}.Debug|Any CPU.ActiveCfg = Debug|Any CPU
		{E5BA76F7-4441-4499-985F-00AE09F47B58}.Debug|Any CPU.Build.0 = Debug|Any CPU
		{E5BA76F7-4441-4499-985F-00AE09F47B58}.Release|Any CPU.ActiveCfg = Release|Any CPU
		{E5BA76F7-4441-4499-985F-00AE09F47B58}.Release|Any CPU.Build.0 = Release|Any CPU
		{AE7B4D27-6B33-4683-BADA-C0831CDCB6BB}.Debug|Any CPU.ActiveCfg = Debug|Any CPU
		{AE7B4D27-6B33-4683-BADA-C0831CDCB6BB}.Debug|Any CPU.Build.0 = Debug|Any CPU
		{AE7B4D27-6B33-4683-BADA-C0831CDCB6BB}.Release|Any CPU.ActiveCfg = Release|Any CPU
		{AE7B4D27-6B33-4683-BADA-C0831CDCB6BB}.Release|Any CPU.Build.0 = Release|Any CPU
		{4CFD9CC2-E4B0-43A0-A276-805AA0795802}.Debug|Any CPU.ActiveCfg = Debug|Any CPU
		{4CFD9CC2-E4B0-43A0-A276-805AA0795802}.Debug|Any CPU.Build.0 = Debug|Any CPU
		{4CFD9CC2-E4B0-43A0-A276-805AA0795802}.Release|Any CPU.ActiveCfg = Release|Any CPU
		{4CFD9CC2-E4B0-43A0-A276-805AA0795802}.Release|Any CPU.Build.0 = Release|Any CPU
		{BA3B5C5E-D6A4-39ED-6760-036CDB62E249}.Debug|Any CPU.ActiveCfg = Debug|Any CPU
		{BA3B5C5E-D6A4-39ED-6760-036CDB62E249}.Debug|Any CPU.Build.0 = Debug|Any CPU
		{BA3B5C5E-D6A4-39ED-6760-036CDB62E249}.Release|Any CPU.ActiveCfg = Release|Any CPU
		{BA3B5C5E-D6A4-39ED-6760-036CDB62E249}.Release|Any CPU.Build.0 = Release|Any CPU
		{DC36564F-B53F-4947-BE27-D55E3D2E8AA9}.Debug|Any CPU.ActiveCfg = Debug|Any CPU
		{DC36564F-B53F-4947-BE27-D55E3D2E8AA9}.Debug|Any CPU.Build.0 = Debug|Any CPU
		{DC36564F-B53F-4947-BE27-D55E3D2E8AA9}.Release|Any CPU.ActiveCfg = Release|Any CPU
		{DC36564F-B53F-4947-BE27-D55E3D2E8AA9}.Release|Any CPU.Build.0 = Release|Any CPU
		{60D26EA6-6E46-4C17-87A1-23B20E7C93EB}.Debug|Any CPU.ActiveCfg = Debug|Any CPU
		{60D26EA6-6E46-4C17-87A1-23B20E7C93EB}.Debug|Any CPU.Build.0 = Debug|Any CPU
		{60D26EA6-6E46-4C17-87A1-23B20E7C93EB}.Release|Any CPU.ActiveCfg = Release|Any CPU
		{60D26EA6-6E46-4C17-87A1-23B20E7C93EB}.Release|Any CPU.Build.0 = Release|Any CPU
		{6EF7678A-A725-F430-3097-30F090C0100A}.Debug|Any CPU.ActiveCfg = Debug|Any CPU
		{6EF7678A-A725-F430-3097-30F090C0100A}.Debug|Any CPU.Build.0 = Debug|Any CPU
		{6EF7678A-A725-F430-3097-30F090C0100A}.Release|Any CPU.ActiveCfg = Release|Any CPU
		{6EF7678A-A725-F430-3097-30F090C0100A}.Release|Any CPU.Build.0 = Release|Any CPU
		{010D0C11-D6A2-3CA6-3281-4E0FD547EC2D}.Debug|Any CPU.ActiveCfg = Debug|Any CPU
		{010D0C11-D6A2-3CA6-3281-4E0FD547EC2D}.Debug|Any CPU.Build.0 = Debug|Any CPU
		{010D0C11-D6A2-3CA6-3281-4E0FD547EC2D}.Release|Any CPU.ActiveCfg = Release|Any CPU
		{010D0C11-D6A2-3CA6-3281-4E0FD547EC2D}.Release|Any CPU.Build.0 = Release|Any CPU
		{EB1F94BB-88F0-4097-966D-E9AFE6BE41E5}.Debug|Any CPU.ActiveCfg = Debug|Any CPU
		{EB1F94BB-88F0-4097-966D-E9AFE6BE41E5}.Debug|Any CPU.Build.0 = Debug|Any CPU
		{EB1F94BB-88F0-4097-966D-E9AFE6BE41E5}.Release|Any CPU.ActiveCfg = Release|Any CPU
		{EB1F94BB-88F0-4097-966D-E9AFE6BE41E5}.Release|Any CPU.Build.0 = Release|Any CPU
		{40460E1B-EE44-4DA7-B1F4-46085100CF42}.Debug|Any CPU.ActiveCfg = Debug|Any CPU
		{40460E1B-EE44-4DA7-B1F4-46085100CF42}.Debug|Any CPU.Build.0 = Debug|Any CPU
		{40460E1B-EE44-4DA7-B1F4-46085100CF42}.Release|Any CPU.ActiveCfg = Release|Any CPU
		{40460E1B-EE44-4DA7-B1F4-46085100CF42}.Release|Any CPU.Build.0 = Release|Any CPU
		{52442FBF-AB1E-12BC-8344-0695887AC3CB}.Debug|Any CPU.ActiveCfg = Debug|Any CPU
		{52442FBF-AB1E-12BC-8344-0695887AC3CB}.Debug|Any CPU.Build.0 = Debug|Any CPU
		{52442FBF-AB1E-12BC-8344-0695887AC3CB}.Release|Any CPU.ActiveCfg = Release|Any CPU
		{52442FBF-AB1E-12BC-8344-0695887AC3CB}.Release|Any CPU.Build.0 = Release|Any CPU
		{13EA441B-E72F-5CA2-D5D4-B3F52139D7CF}.Debug|Any CPU.ActiveCfg = Debug|Any CPU
		{13EA441B-E72F-5CA2-D5D4-B3F52139D7CF}.Debug|Any CPU.Build.0 = Debug|Any CPU
		{13EA441B-E72F-5CA2-D5D4-B3F52139D7CF}.Release|Any CPU.ActiveCfg = Release|Any CPU
		{13EA441B-E72F-5CA2-D5D4-B3F52139D7CF}.Release|Any CPU.Build.0 = Release|Any CPU
		{B107385E-2C8D-4B42-9253-38ABA249F561}.Debug|Any CPU.ActiveCfg = Debug|Any CPU
		{B107385E-2C8D-4B42-9253-38ABA249F561}.Debug|Any CPU.Build.0 = Debug|Any CPU
		{B107385E-2C8D-4B42-9253-38ABA249F561}.Release|Any CPU.ActiveCfg = Release|Any CPU
		{B107385E-2C8D-4B42-9253-38ABA249F561}.Release|Any CPU.Build.0 = Release|Any CPU
		{B10A533E-146F-4201-8405-89A42C23B957}.Debug|Any CPU.ActiveCfg = Debug|Any CPU
		{B10A533E-146F-4201-8405-89A42C23B957}.Debug|Any CPU.Build.0 = Debug|Any CPU
		{B10A533E-146F-4201-8405-89A42C23B957}.Release|Any CPU.ActiveCfg = Release|Any CPU
		{B10A533E-146F-4201-8405-89A42C23B957}.Release|Any CPU.Build.0 = Release|Any CPU
		{AE9575E4-2BAF-41EC-BBD5-7B662909811A}.Debug|Any CPU.ActiveCfg = Debug|Any CPU
		{AE9575E4-2BAF-41EC-BBD5-7B662909811A}.Debug|Any CPU.Build.0 = Debug|Any CPU
		{AE9575E4-2BAF-41EC-BBD5-7B662909811A}.Release|Any CPU.ActiveCfg = Release|Any CPU
		{AE9575E4-2BAF-41EC-BBD5-7B662909811A}.Release|Any CPU.Build.0 = Release|Any CPU
		{95562309-9F99-4C9B-8664-76C25CBD3680}.Debug|Any CPU.ActiveCfg = Debug|Any CPU
		{95562309-9F99-4C9B-8664-76C25CBD3680}.Debug|Any CPU.Build.0 = Debug|Any CPU
		{95562309-9F99-4C9B-8664-76C25CBD3680}.Release|Any CPU.ActiveCfg = Release|Any CPU
		{95562309-9F99-4C9B-8664-76C25CBD3680}.Release|Any CPU.Build.0 = Release|Any CPU
		{F01C3B69-9D05-4BEF-26EB-57BAD926097B}.Debug|Any CPU.ActiveCfg = Debug|Any CPU
		{F01C3B69-9D05-4BEF-26EB-57BAD926097B}.Debug|Any CPU.Build.0 = Debug|Any CPU
		{F01C3B69-9D05-4BEF-26EB-57BAD926097B}.Release|Any CPU.ActiveCfg = Release|Any CPU
		{F01C3B69-9D05-4BEF-26EB-57BAD926097B}.Release|Any CPU.Build.0 = Release|Any CPU
		{414DFFD5-4A0F-DD91-933A-D9585859A325}.Debug|Any CPU.ActiveCfg = Debug|Any CPU
		{414DFFD5-4A0F-DD91-933A-D9585859A325}.Debug|Any CPU.Build.0 = Debug|Any CPU
		{414DFFD5-4A0F-DD91-933A-D9585859A325}.Release|Any CPU.ActiveCfg = Release|Any CPU
		{414DFFD5-4A0F-DD91-933A-D9585859A325}.Release|Any CPU.Build.0 = Release|Any CPU
		{D9560C06-76C7-4771-B38C-183192F869C7}.Debug|Any CPU.ActiveCfg = Debug|Any CPU
		{D9560C06-76C7-4771-B38C-183192F869C7}.Debug|Any CPU.Build.0 = Debug|Any CPU
		{D9560C06-76C7-4771-B38C-183192F869C7}.Release|Any CPU.ActiveCfg = Release|Any CPU
		{D9560C06-76C7-4771-B38C-183192F869C7}.Release|Any CPU.Build.0 = Release|Any CPU
		{629AA029-C07E-4154-B352-6589EFC1078F}.Debug|Any CPU.ActiveCfg = Debug|Any CPU
		{629AA029-C07E-4154-B352-6589EFC1078F}.Debug|Any CPU.Build.0 = Debug|Any CPU
		{629AA029-C07E-4154-B352-6589EFC1078F}.Release|Any CPU.ActiveCfg = Release|Any CPU
		{629AA029-C07E-4154-B352-6589EFC1078F}.Release|Any CPU.Build.0 = Release|Any CPU
		{A7F88A91-C6F2-4903-B8BA-C3769AD03BAD}.Debug|Any CPU.ActiveCfg = Debug|Any CPU
		{A7F88A91-C6F2-4903-B8BA-C3769AD03BAD}.Debug|Any CPU.Build.0 = Debug|Any CPU
		{A7F88A91-C6F2-4903-B8BA-C3769AD03BAD}.Release|Any CPU.ActiveCfg = Release|Any CPU
		{A7F88A91-C6F2-4903-B8BA-C3769AD03BAD}.Release|Any CPU.Build.0 = Release|Any CPU
		{A6011F56-A60F-4F34-A469-C42E0CEFC5CC}.Debug|Any CPU.ActiveCfg = Debug|Any CPU
		{A6011F56-A60F-4F34-A469-C42E0CEFC5CC}.Debug|Any CPU.Build.0 = Debug|Any CPU
		{A6011F56-A60F-4F34-A469-C42E0CEFC5CC}.Release|Any CPU.ActiveCfg = Release|Any CPU
		{A6011F56-A60F-4F34-A469-C42E0CEFC5CC}.Release|Any CPU.Build.0 = Release|Any CPU
		{86DEC9C9-19F8-4EA2-BDA3-3AA6F1AFCBDC}.Debug|Any CPU.ActiveCfg = Debug|Any CPU
		{86DEC9C9-19F8-4EA2-BDA3-3AA6F1AFCBDC}.Debug|Any CPU.Build.0 = Debug|Any CPU
		{86DEC9C9-19F8-4EA2-BDA3-3AA6F1AFCBDC}.Release|Any CPU.ActiveCfg = Release|Any CPU
		{86DEC9C9-19F8-4EA2-BDA3-3AA6F1AFCBDC}.Release|Any CPU.Build.0 = Release|Any CPU
		{D5E297A9-E5EF-4CF3-AC00-EF262D9C0815}.Debug|Any CPU.ActiveCfg = Debug|Any CPU
		{D5E297A9-E5EF-4CF3-AC00-EF262D9C0815}.Debug|Any CPU.Build.0 = Debug|Any CPU
		{D5E297A9-E5EF-4CF3-AC00-EF262D9C0815}.Release|Any CPU.ActiveCfg = Release|Any CPU
		{D5E297A9-E5EF-4CF3-AC00-EF262D9C0815}.Release|Any CPU.Build.0 = Release|Any CPU
		{2FE348AA-5C68-466C-969B-E3B8A2F59EB8}.Debug|Any CPU.ActiveCfg = Debug|Any CPU
		{2FE348AA-5C68-466C-969B-E3B8A2F59EB8}.Debug|Any CPU.Build.0 = Debug|Any CPU
		{2FE348AA-5C68-466C-969B-E3B8A2F59EB8}.Release|Any CPU.ActiveCfg = Release|Any CPU
		{2FE348AA-5C68-466C-969B-E3B8A2F59EB8}.Release|Any CPU.Build.0 = Release|Any CPU
		{D50059B1-2969-4A70-9C30-9A89FA3AA2EA}.Debug|Any CPU.ActiveCfg = Debug|Any CPU
		{D50059B1-2969-4A70-9C30-9A89FA3AA2EA}.Debug|Any CPU.Build.0 = Debug|Any CPU
		{D50059B1-2969-4A70-9C30-9A89FA3AA2EA}.Release|Any CPU.ActiveCfg = Release|Any CPU
		{D50059B1-2969-4A70-9C30-9A89FA3AA2EA}.Release|Any CPU.Build.0 = Release|Any CPU
	EndGlobalSection
	GlobalSection(SolutionProperties) = preSolution
		HideSolutionNode = FALSE
	EndGlobalSection
	GlobalSection(NestedProjects) = preSolution
		{EF69BBF8-5BC4-4F61-8E2E-FD08A0D4B0AE} = {DDB4EF12-CC4E-5E88-E6FC-71A802F4DE97}
		{DDCC280B-3C1E-4E74-93E5-2EA7AA281268} = {887E4388-DE77-4898-B4F7-6AA1FC815905}
		{F8977349-C9C9-4D77-B73E-8435ACF29673} = {D16A36F3-3C6A-4E2B-BD2B-FBCFC4ECFE74}
		{8D5ADE7E-F843-4A4A-8B15-20691D782291} = {F8977349-C9C9-4D77-B73E-8435ACF29673}
		{887E4388-DE77-4898-B4F7-6AA1FC815905} = {D16A36F3-3C6A-4E2B-BD2B-FBCFC4ECFE74}
		{EBB3AD2B-32DF-44C1-8FDB-5ED0A3CBBD21} = {ED1450FA-1910-458D-8AC4-856A1422C920}
		{1EC5F564-D513-4DF0-9097-6A090B979B36} = {ED1450FA-1910-458D-8AC4-856A1422C920}
		{FF406A9A-145E-426C-884F-226FCBB60DAC} = {D16A36F3-3C6A-4E2B-BD2B-FBCFC4ECFE74}
		{62567532-403A-4ADC-9CEA-009DC392CDE4} = {FF406A9A-145E-426C-884F-226FCBB60DAC}
		{46E6B715-CEF5-478F-86ED-C17851204597} = {F8977349-C9C9-4D77-B73E-8435ACF29673}
		{ACAA5AD5-4C59-4708-8775-E662523F4A7E} = {FE94896C-BD1D-4F0C-9C67-78D84148F794}
		{02ABF870-7031-47D9-BE16-ACD3709F3CE0} = {FE94896C-BD1D-4F0C-9C67-78D84148F794}
		{7A28C622-1494-43D2-A8DF-93D9C03EA29A} = {02ABF870-7031-47D9-BE16-ACD3709F3CE0}
		{B5AD4BA0-F5BD-4930-BF75-F2C7E97B4424} = {FE94896C-BD1D-4F0C-9C67-78D84148F794}
		{73549807-8777-45C1-81B5-4BD7D404E3FC} = {02ABF870-7031-47D9-BE16-ACD3709F3CE0}
		{47F6B76B-455A-49BF-AFB8-36E80BC3D68D} = {11E0226B-BE5D-4313-A687-22D3F2C20C3B}
		{5809D545-E628-4CC9-8DB4-FF774A920709} = {11E0226B-BE5D-4313-A687-22D3F2C20C3B}
		{C4625032-00CE-4365-850F-2D426DBE7070} = {5809D545-E628-4CC9-8DB4-FF774A920709}
		{FBCC8453-51CA-4245-9F85-271BFC01530C} = {603F2132-6242-42F7-8A5A-AD7299225259}
		{C1D63E63-E64B-FCB7-4276-5EBCB0FEC291} = {5809D545-E628-4CC9-8DB4-FF774A920709}
		{05191F29-F555-420C-B2F0-147A5C11A21F} = {4F3BF6AC-46D7-4287-82F2-932101B988B1}
		{D5ED874C-BF7E-4651-99E4-15CD25F71692} = {05191F29-F555-420C-B2F0-147A5C11A21F}
		{60DCDD27-7457-4CC3-BF74-C50DEA611C16} = {4F3BF6AC-46D7-4287-82F2-932101B988B1}
		{968C0D0E-4AAA-4955-9E7D-3536C8B031B6} = {4F3BF6AC-46D7-4287-82F2-932101B988B1}
		{1B38C223-200A-42BC-8840-971C0BFEC382} = {05191F29-F555-420C-B2F0-147A5C11A21F}
		{04D7DA01-E4FF-4ADD-9581-F019AF9CDED4} = {D85023FE-EF17-466F-9EE3-3A0E604A58ED}
		{13D64C79-2DB9-460A-9140-25F495FA581A} = {D85023FE-EF17-466F-9EE3-3A0E604A58ED}
		{C8A8DD73-86FF-4AF5-95C1-498D5E17DD52} = {13D64C79-2DB9-460A-9140-25F495FA581A}
		{40E647F7-B48D-4DF7-A9D0-F02B63CBD9A7} = {13D64C79-2DB9-460A-9140-25F495FA581A}
		{9605B4B8-0A34-BDE4-CFD2-F49073E3B9EF} = {13D64C79-2DB9-460A-9140-25F495FA581A}
		{8758FBDB-9295-0DA5-31B6-DA01667F06FB} = {13D64C79-2DB9-460A-9140-25F495FA581A}
		{B5DA75CC-3550-49BC-B4CB-9CE7110F53A9} = {D85023FE-EF17-466F-9EE3-3A0E604A58ED}
		{CDDC71A7-25E7-45C4-9085-7FE24B02030A} = {F29C2C5E-2F79-4924-B4FE-ABC38CF50D2A}
		{5AFA311C-C3F1-4854-AC95-C4A21A753D1D} = {F29C2C5E-2F79-4924-B4FE-ABC38CF50D2A}
		{F8EF3456-ECC8-4C34-B216-B834B23D04F0} = {F29C2C5E-2F79-4924-B4FE-ABC38CF50D2A}
		{E5BA76F7-4441-4499-985F-00AE09F47B58} = {CDDC71A7-25E7-45C4-9085-7FE24B02030A}
		{AE7B4D27-6B33-4683-BADA-C0831CDCB6BB} = {CDDC71A7-25E7-45C4-9085-7FE24B02030A}
		{75778A78-6186-4E80-9568-FF7119FCA42E} = {83DC92CA-6F47-49BC-AC8E-8547FFEC59BB}
		{4CFD9CC2-E4B0-43A0-A276-805AA0795802} = {75778A78-6186-4E80-9568-FF7119FCA42E}
		{BA3B5C5E-D6A4-39ED-6760-036CDB62E249} = {83DC92CA-6F47-49BC-AC8E-8547FFEC59BB}
		{DC36564F-B53F-4947-BE27-D55E3D2E8AA9} = {83DC92CA-6F47-49BC-AC8E-8547FFEC59BB}
		{60D26EA6-6E46-4C17-87A1-23B20E7C93EB} = {75778A78-6186-4E80-9568-FF7119FCA42E}
		{6EF7678A-A725-F430-3097-30F090C0100A} = {A94F7224-9BC9-40A9-97F7-1E1DC1576E44}
		{010D0C11-D6A2-3CA6-3281-4E0FD547EC2D} = {A94F7224-9BC9-40A9-97F7-1E1DC1576E44}
		{EB1F94BB-88F0-4097-966D-E9AFE6BE41E5} = {A8F47AFD-B8C4-41DB-971D-DA6B50CB93DD}
		{72BF5643-0F17-4CEE-BDE2-C2C870AD3EB2} = {A8F47AFD-B8C4-41DB-971D-DA6B50CB93DD}
		{40460E1B-EE44-4DA7-B1F4-46085100CF42} = {72BF5643-0F17-4CEE-BDE2-C2C870AD3EB2}
		{52442FBF-AB1E-12BC-8344-0695887AC3CB} = {72BF5643-0F17-4CEE-BDE2-C2C870AD3EB2}
		{13EA441B-E72F-5CA2-D5D4-B3F52139D7CF} = {72BF5643-0F17-4CEE-BDE2-C2C870AD3EB2}
		{B107385E-2C8D-4B42-9253-38ABA249F561} = {ED1450FA-1910-458D-8AC4-856A1422C920}
		{B10A533E-146F-4201-8405-89A42C23B957} = {DDB4EF12-CC4E-5E88-E6FC-71A802F4DE97}
		{C7A7B3C7-F226-4ABC-A03A-375B088CDF80} = {F10737D8-CD85-41D3-9E92-F36756A033ED}
		{AE9575E4-2BAF-41EC-BBD5-7B662909811A} = {F10737D8-CD85-41D3-9E92-F36756A033ED}
		{95562309-9F99-4C9B-8664-76C25CBD3680} = {C7A7B3C7-F226-4ABC-A03A-375B088CDF80}
		{F01C3B69-9D05-4BEF-26EB-57BAD926097B} = {C7A7B3C7-F226-4ABC-A03A-375B088CDF80}
		{414DFFD5-4A0F-DD91-933A-D9585859A325} = {C7A7B3C7-F226-4ABC-A03A-375B088CDF80}
		{D9560C06-76C7-4771-B38C-183192F869C7} = {ED1450FA-1910-458D-8AC4-856A1422C920}
		{629AA029-C07E-4154-B352-6589EFC1078F} = {1279342B-DBA5-4C90-A638-6FF60A23B6E8}
		{1CD794B2-35A5-4DFC-A8E5-1284F17A083C} = {1279342B-DBA5-4C90-A638-6FF60A23B6E8}
		{A7F88A91-C6F2-4903-B8BA-C3769AD03BAD} = {1CD794B2-35A5-4DFC-A8E5-1284F17A083C}
		{A6011F56-A60F-4F34-A469-C42E0CEFC5CC} = {1CD794B2-35A5-4DFC-A8E5-1284F17A083C}
		{86DEC9C9-19F8-4EA2-BDA3-3AA6F1AFCBDC} = {1279342B-DBA5-4C90-A638-6FF60A23B6E8}
		{D5E297A9-E5EF-4CF3-AC00-EF262D9C0815} = {1CD794B2-35A5-4DFC-A8E5-1284F17A083C}
		{2FE348AA-5C68-466C-969B-E3B8A2F59EB8} = {1279342B-DBA5-4C90-A638-6FF60A23B6E8}
		{D50059B1-2969-4A70-9C30-9A89FA3AA2EA} = {1CD794B2-35A5-4DFC-A8E5-1284F17A083C}
	EndGlobalSection
	GlobalSection(ExtensibilityGlobals) = postSolution
		SolutionGuid = {59B1DF44-0621-4AF5-9494-94E826355969}
	EndGlobalSection
EndGlobal
