
Microsoft Visual Studio Solution File, Format Version 12.00
# Visual Studio Version 17
VisualStudioVersion = 17.13.35825.156
MinimumVisualStudioVersion = 10.0.40219.1
Project("{2150E333-8FDC-42A3-9474-1A3956D46DE8}") = "Chapter01", "Chapter01", "{DDB4EF12-CC4E-5E88-E6FC-71A802F4DE97}"
EndProject
Project("{FAE04EC0-301F-11D3-BF4B-00C04F79EFBC}") = "ProductSample", "Chapter01\ProductSample\ProductSample.csproj", "{EF69BBF8-5BC4-4F61-8E2E-FD08A0D4B0AE}"
EndProject
Project("{2150E333-8FDC-42A3-9474-1A3956D46DE8}") = "Chapter02", "Chapter02", "{D16A36F3-3C6A-4E2B-BD2B-FBCFC4ECFE74}"
EndProject
Project("{FAE04EC0-301F-11D3-BF4B-00C04F79EFBC}") = "DistanceConverter", "Chapter02\DistanceConverter\DistanceConverter.csproj", "{DDCC280B-3C1E-4E74-93E5-2EA7AA281268}"
EndProject
Project("{2150E333-8FDC-42A3-9474-1A3956D46DE8}") = "演習問題", "演習問題", "{F8977349-C9C9-4D77-B73E-8435ACF29673}"
EndProject
Project("{FAE04EC0-301F-11D3-BF4B-00C04F79EFBC}") = "Exercise02", "Chapter02\演習問題\Exercise02\Exercise02.csproj", "{8D5ADE7E-F843-4A4A-8B15-20691D782291}"
EndProject
Project("{2150E333-8FDC-42A3-9474-1A3956D46DE8}") = "距離換算プログラム", "距離換算プログラム", "{887E4388-DE77-4898-B4F7-6AA1FC815905}"
EndProject
Project("{2150E333-8FDC-42A3-9474-1A3956D46DE8}") = "FormApps", "FormApps", "{ED1450FA-1910-458D-8AC4-856A1422C920}"
EndProject
Project("{FAE04EC0-301F-11D3-BF4B-00C04F79EFBC}") = "UnitConverter", "FormApps\UnitConverter\UnitConverter.csproj", "{EBB3AD2B-32DF-44C1-8FDB-5ED0A3CBBD21}"
EndProject
Project("{FAE04EC0-301F-11D3-BF4B-00C04F79EFBC}") = "StopWatch", "FormApps\StopWatch\StopWatch.csproj", "{1EC5F564-D513-4DF0-9097-6A090B979B36}"
EndProject
Project("{2150E333-8FDC-42A3-9474-1A3956D46DE8}") = "売上集計プログラム", "売上集計プログラム", "{FF406A9A-145E-426C-884F-226FCBB60DAC}"
EndProject
Project("{FAE04EC0-301F-11D3-BF4B-00C04F79EFBC}") = "SalesCalculator", "Chapter02\SalesCalculator\SalesCalculator.csproj", "{62567532-403A-4ADC-9CEA-009DC392CDE4}"
EndProject
Project("{FAE04EC0-301F-11D3-BF4B-00C04F79EFBC}") = "Exercise01", "Chapter02\演習問題\Exercise01\Exercise01.csproj", "{46E6B715-CEF5-478F-86ED-C17851204597}"
EndProject
Project("{2150E333-8FDC-42A3-9474-1A3956D46DE8}") = "Chapter03", "Chapter03", "{FE94896C-BD1D-4F0C-9C67-78D84148F794}"
EndProject
Project("{FAE04EC0-301F-11D3-BF4B-00C04F79EFBC}") = "Section01", "Chapter03\Section01\Section01.csproj", "{ACAA5AD5-4C59-4708-8775-E662523F4A7E}"
EndProject
Project("{2150E333-8FDC-42A3-9474-1A3956D46DE8}") = "演習問題", "演習問題", "{02ABF870-7031-47D9-BE16-ACD3709F3CE0}"
EndProject
Project("{FAE04EC0-301F-11D3-BF4B-00C04F79EFBC}") = "Exercise02", "Chapter03\演習問題\Exercise02\Exercise02.csproj", "{7A28C622-1494-43D2-A8DF-93D9C03EA29A}"
EndProject
Project("{FAE04EC0-301F-11D3-BF4B-00C04F79EFBC}") = "Section04", "Chapter03\Section04\Section04.csproj", "{B5AD4BA0-F5BD-4930-BF75-F2C7E97B4424}"
EndProject
Project("{FAE04EC0-301F-11D3-BF4B-00C04F79EFBC}") = "Exercise01", "Chapter03\演習問題\Exercise01\Exercise01.csproj", "{73549807-8777-45C1-81B5-4BD7D404E3FC}"
EndProject
Global
	GlobalSection(SolutionConfigurationPlatforms) = preSolution
		Debug|Any CPU = Debug|Any CPU
		Release|Any CPU = Release|Any CPU
	EndGlobalSection
	GlobalSection(ProjectConfigurationPlatforms) = postSolution
		{EF69BBF8-5BC4-4F61-8E2E-FD08A0D4B0AE}.Debug|Any CPU.ActiveCfg = Debug|Any CPU
		{EF69BBF8-5BC4-4F61-8E2E-FD08A0D4B0AE}.Debug|Any CPU.Build.0 = Debug|Any CPU
		{EF69BBF8-5BC4-4F61-8E2E-FD08A0D4B0AE}.Release|Any CPU.ActiveCfg = Release|Any CPU
		{EF69BBF8-5BC4-4F61-8E2E-FD08A0D4B0AE}.Release|Any CPU.Build.0 = Release|Any CPU
		{DDCC280B-3C1E-4E74-93E5-2EA7AA281268}.Debug|Any CPU.ActiveCfg = Debug|Any CPU
		{DDCC280B-3C1E-4E74-93E5-2EA7AA281268}.Debug|Any CPU.Build.0 = Debug|Any CPU
		{DDCC280B-3C1E-4E74-93E5-2EA7AA281268}.Release|Any CPU.ActiveCfg = Release|Any CPU
		{DDCC280B-3C1E-4E74-93E5-2EA7AA281268}.Release|Any CPU.Build.0 = Release|Any CPU
		{8D5ADE7E-F843-4A4A-8B15-20691D782291}.Debug|Any CPU.ActiveCfg = Debug|Any CPU
		{8D5ADE7E-F843-4A4A-8B15-20691D782291}.Debug|Any CPU.Build.0 = Debug|Any CPU
		{8D5ADE7E-F843-4A4A-8B15-20691D782291}.Release|Any CPU.ActiveCfg = Release|Any CPU
		{8D5ADE7E-F843-4A4A-8B15-20691D782291}.Release|Any CPU.Build.0 = Release|Any CPU
		{EBB3AD2B-32DF-44C1-8FDB-5ED0A3CBBD21}.Debug|Any CPU.ActiveCfg = Debug|Any CPU
		{EBB3AD2B-32DF-44C1-8FDB-5ED0A3CBBD21}.Debug|Any CPU.Build.0 = Debug|Any CPU
		{EBB3AD2B-32DF-44C1-8FDB-5ED0A3CBBD21}.Release|Any CPU.ActiveCfg = Release|Any CPU
		{EBB3AD2B-32DF-44C1-8FDB-5ED0A3CBBD21}.Release|Any CPU.Build.0 = Release|Any CPU
		{1EC5F564-D513-4DF0-9097-6A090B979B36}.Debug|Any CPU.ActiveCfg = Debug|Any CPU
		{1EC5F564-D513-4DF0-9097-6A090B979B36}.Debug|Any CPU.Build.0 = Debug|Any CPU
		{1EC5F564-D513-4DF0-9097-6A090B979B36}.Release|Any CPU.ActiveCfg = Release|Any CPU
		{1EC5F564-D513-4DF0-9097-6A090B979B36}.Release|Any CPU.Build.0 = Release|Any CPU
		{62567532-403A-4ADC-9CEA-009DC392CDE4}.Debug|Any CPU.ActiveCfg = Debug|Any CPU
		{62567532-403A-4ADC-9CEA-009DC392CDE4}.Debug|Any CPU.Build.0 = Debug|Any CPU
		{62567532-403A-4ADC-9CEA-009DC392CDE4}.Release|Any CPU.ActiveCfg = Release|Any CPU
		{62567532-403A-4ADC-9CEA-009DC392CDE4}.Release|Any CPU.Build.0 = Release|Any CPU
		{46E6B715-CEF5-478F-86ED-C17851204597}.Debug|Any CPU.ActiveCfg = Debug|Any CPU
		{46E6B715-CEF5-478F-86ED-C17851204597}.Debug|Any CPU.Build.0 = Debug|Any CPU
		{46E6B715-CEF5-478F-86ED-C17851204597}.Release|Any CPU.ActiveCfg = Release|Any CPU
		{46E6B715-CEF5-478F-86ED-C17851204597}.Release|Any CPU.Build.0 = Release|Any CPU
		{ACAA5AD5-4C59-4708-8775-E662523F4A7E}.Debug|Any CPU.ActiveCfg = Debug|Any CPU
		{ACAA5AD5-4C59-4708-8775-E662523F4A7E}.Debug|Any CPU.Build.0 = Debug|Any CPU
		{ACAA5AD5-4C59-4708-8775-E662523F4A7E}.Release|Any CPU.ActiveCfg = Release|Any CPU
		{ACAA5AD5-4C59-4708-8775-E662523F4A7E}.Release|Any CPU.Build.0 = Release|Any CPU
		{7A28C622-1494-43D2-A8DF-93D9C03EA29A}.Debug|Any CPU.ActiveCfg = Debug|Any CPU
		{7A28C622-1494-43D2-A8DF-93D9C03EA29A}.Debug|Any CPU.Build.0 = Debug|Any CPU
		{7A28C622-1494-43D2-A8DF-93D9C03EA29A}.Release|Any CPU.ActiveCfg = Release|Any CPU
		{7A28C622-1494-43D2-A8DF-93D9C03EA29A}.Release|Any CPU.Build.0 = Release|Any CPU
		{B5AD4BA0-F5BD-4930-BF75-F2C7E97B4424}.Debug|Any CPU.ActiveCfg = Debug|Any CPU
		{B5AD4BA0-F5BD-4930-BF75-F2C7E97B4424}.Debug|Any CPU.Build.0 = Debug|Any CPU
		{B5AD4BA0-F5BD-4930-BF75-F2C7E97B4424}.Release|Any CPU.ActiveCfg = Release|Any CPU
		{B5AD4BA0-F5BD-4930-BF75-F2C7E97B4424}.Release|Any CPU.Build.0 = Release|Any CPU
		{73549807-8777-45C1-81B5-4BD7D404E3FC}.Debug|Any CPU.ActiveCfg = Debug|Any CPU
		{73549807-8777-45C1-81B5-4BD7D404E3FC}.Debug|Any CPU.Build.0 = Debug|Any CPU
		{73549807-8777-45C1-81B5-4BD7D404E3FC}.Release|Any CPU.ActiveCfg = Release|Any CPU
		{73549807-8777-45C1-81B5-4BD7D404E3FC}.Release|Any CPU.Build.0 = Release|Any CPU
	EndGlobalSection
	GlobalSection(SolutionProperties) = preSolution
		HideSolutionNode = FALSE
	EndGlobalSection
	GlobalSection(NestedProjects) = preSolution
		{EF69BBF8-5BC4-4F61-8E2E-FD08A0D4B0AE} = {DDB4EF12-CC4E-5E88-E6FC-71A802F4DE97}
		{DDCC280B-3C1E-4E74-93E5-2EA7AA281268} = {887E4388-DE77-4898-B4F7-6AA1FC815905}
		{F8977349-C9C9-4D77-B73E-8435ACF29673} = {D16A36F3-3C6A-4E2B-BD2B-FBCFC4ECFE74}
		{8D5ADE7E-F843-4A4A-8B15-20691D782291} = {F8977349-C9C9-4D77-B73E-8435ACF29673}
		{887E4388-DE77-4898-B4F7-6AA1FC815905} = {D16A36F3-3C6A-4E2B-BD2B-FBCFC4ECFE74}
		{EBB3AD2B-32DF-44C1-8FDB-5ED0A3CBBD21} = {ED1450FA-1910-458D-8AC4-856A1422C920}
		{1EC5F564-D513-4DF0-9097-6A090B979B36} = {ED1450FA-1910-458D-8AC4-856A1422C920}
		{FF406A9A-145E-426C-884F-226FCBB60DAC} = {D16A36F3-3C6A-4E2B-BD2B-FBCFC4ECFE74}
		{62567532-403A-4ADC-9CEA-009DC392CDE4} = {FF406A9A-145E-426C-884F-226FCBB60DAC}
		{46E6B715-CEF5-478F-86ED-C17851204597} = {F8977349-C9C9-4D77-B73E-8435ACF29673}
		{ACAA5AD5-4C59-4708-8775-E662523F4A7E} = {FE94896C-BD1D-4F0C-9C67-78D84148F794}
		{02ABF870-7031-47D9-BE16-ACD3709F3CE0} = {FE94896C-BD1D-4F0C-9C67-78D84148F794}
		{7A28C622-1494-43D2-A8DF-93D9C03EA29A} = {02ABF870-7031-47D9-BE16-ACD3709F3CE0}
		{B5AD4BA0-F5BD-4930-BF75-F2C7E97B4424} = {FE94896C-BD1D-4F0C-9C67-78D84148F794}
		{73549807-8777-45C1-81B5-4BD7D404E3FC} = {02ABF870-7031-47D9-BE16-ACD3709F3CE0}
	EndGlobalSection
	GlobalSection(ExtensibilityGlobals) = postSolution
		SolutionGuid = {59B1DF44-0621-4AF5-9494-94E826355969}
	EndGlobalSection
EndGlobal
